github.com/go-raptor/connectors v1.1.0 h1:U6Fjhv68q7gIoFEAIKZGd5TtKygmZI8tG5TJt6IS/gg=
github.com/go-raptor/connectors v1.1.0/go.mod h1:A7T++oNId2F9SB5i9IQcm+3QzruL5s1nFLfRk1eA0SU=
github.com/go-raptor/middlewares/cors v1.0.7 h1:r0uNo188ZV6ww1uuNZD0OZd8jSL6n5uI8QMyHdGrr50=
github.com/go-raptor/middlewares/cors v1.0.7/go.mod h1:JaVxrfLg7CetFBOeOlXqYSbGeye/aQLlwa312dfWaXo=
github.com/go-raptor/middlewares/logger v1.0.4 h1:r6VMr9XuoZUoj6XqoJbBGvcgiZuLnQBhrKj4f82Au+M=
github.com/go-raptor/middlewares/logger v1.0.4/go.mod h1:gcK3adBl37OQjGuIOfkFlFYIIQnjThrdHVlXDQECu7U=
github.com/go-raptor/middlewares/logger v1.0.5 h1:aM1qeoROiOKQ189ukspXramkxiCUgOmZKwcGzKX+5yM=
github.com/go-raptor/middlewares/logger v1.0.5/go.mod h1:UOelh+s1N12CSmPiRfDYHpOhrfQz+IJ15dHekTpEYHo=
github.com/go-raptor/raptor/v4 v4.2.0 h1:uiY9SpC59FyF+UCZDgg4q9yjmRS8zbcgn9BY61Agub8=
github.com/go-raptor/raptor/v4 v4.2.0/go.mod h1:JTfA6TgI8NANXCxhf4UUb+De4Vpzqr9i2/3AwAq1Ev4=
github.com/go-raptor/raptor/v4 v4.2.1 h1:JRqF51cFBgqNDQfF7LZU+Iibm/HJFD5t4V62No9Ee0I=
github.com/go-raptor/raptor/v4 v4.2.1/go.mod h1:JTfA6TgI8NANXCxhf4UUb+De4Vpzqr9i2/3AwAq1Ev4=
github.com/go-raptor/raptor/v4 v4.2.5 h1:Z/YIO+4Ff/JUXRaRzdttgcc4U56X8VER1Ni5kgcJ+ec=
github.com/go-raptor/raptor/v4 v4.2.5/go.mod h1:JTfA6TgI8NANXCxhf4UUb+De4Vpzqr9i2/3AwAq1Ev4=
github.com/lmittmann/tint v1.1.3 h1:Hv4EaHWXQr+GTFnOU4VKf8UvAtZgn0VuKT+G0wFlO3I=
github.com/lmittmann/tint v1.1.3/go.mod h1:HIS3gSy7qNwGCj+5oRjAutErFBl4BzdQP6cJZ0NfMwE=
gopkg.in/check.v1 v0.0.0-20161208181325-20d25e280405 h1:yhCVgyC4o1eVCa2tZl7eS0r+SDo693bJlVdllGtEeKM=
gopkg.in/check.v1 v0.0.0-20161208181325-20d25e280405/go.mod h1:Co6ibVJAznAaIkqp8huTwlJQCZ016jof/cbN4VW5Yz0=
gopkg.in/yaml.v3 v3.0.1 h1:fxVm/GzAzEWqLHuvctI91KS9hhNmmWOoWu0XTYJS7CA=
gopkg.in/yaml.v3 v3.0.1/go.mod h1:K4uyk7z7BCEPqu6E+C64Yfv1cQ7kz7rIZviUmN+EgEM=
